
Microsoft Visual Studio Solution File, Format Version 12.00
# Visual Studio Version 17
VisualStudioVersion = 17.14.36109.1 d17.14
MinimumVisualStudioVersion = 10.0.40219.1
Project("{FAE04EC0-301F-11D3-BF4B-00C04F79EFBC}") = "Student Management API", "Student Management API.csproj", "{C2713F3F-53EA-44EC-BF30-122C6A9B25CF}"
EndProject
Global
	GlobalSection(SolutionConfigurationPlatforms) = preSolution
		Debug|Any CPU = Debug|Any CPU
		Release|Any CPU = Release|Any CPU
	EndGlobalSection
	GlobalSection(ProjectConfigurationPlatforms) = postSolution
		{C2713F3F-53EA-44EC-BF30-122C6A9B25CF}.Debug|Any CPU.ActiveCfg = Debug|Any CPU
		{C2713F3F-53EA-44EC-BF30-122C6A9B25CF}.Debug|Any CPU.Build.0 = Debug|Any CPU
		{C2713F3F-53EA-44EC-BF30-122C6A9B25CF}.Release|Any CPU.ActiveCfg = Release|Any CPU
		{C2713F3F-53EA-44EC-BF30-122C6A9B25CF}.Release|Any CPU.Build.0 = Release|Any CPU
	EndGlobalSection
	GlobalSection(SolutionProperties) = preSolution
		HideSolutionNode = FALSE
	EndGlobalSection
	GlobalSection(ExtensibilityGlobals) = postSolution
		SolutionGuid = {88AF7DEE-48F6-43C8-9477-8CD301320F56}
	EndGlobalSection
EndGlobal
